
Microsoft Visual Studio Solution File, Format Version 12.00
# Visual Studio Version 17
VisualStudioVersion = 17.14.36811.4
MinimumVisualStudioVersion = 10.0.40219.1
Project("{FAE04EC0-301F-11D3-BF4B-00C04F79EFBC}") = "RailwayCateringERPSystem", "RailwayCateringERPSystem.csproj", "{E9D17D7F-A2D5-4DEF-B442-2F6FC681C1F0}"
EndProject
Project("{FAE04EC0-301F-11D3-BF4B-00C04F79EFBC}") = "FrontRailwayCateringERP", "FrontRailwayCateringERP\FrontRailwayCateringERP.csproj", "{238079A4-56DC-A933-D428-129199F12C8C}"
EndProject
Global
	GlobalSection(SolutionConfigurationPlatforms) = preSolution
		Debug|Any CPU = Debug|Any CPU
		Release|Any CPU = Release|Any CPU
	EndGlobalSection
	GlobalSection(ProjectConfigurationPlatforms) = postSolution
		{E9D17D7F-A2D5-4DEF-B442-2F6FC681C1F0}.Debug|Any CPU.ActiveCfg = Debug|Any CPU
		{E9D17D7F-A2D5-4DEF-B442-2F6FC681C1F0}.Debug|Any CPU.Build.0 = Debug|Any CPU
		{E9D17D7F-A2D5-4DEF-B442-2F6FC681C1F0}.Release|Any CPU.ActiveCfg = Release|Any CPU
		{E9D17D7F-A2D5-4DEF-B442-2F6FC681C1F0}.Release|Any CPU.Build.0 = Release|Any CPU
		{238079A4-56DC-A933-D428-129199F12C8C}.Debug|Any CPU.ActiveCfg = Debug|Any CPU
		{238079A4-56DC-A933-D428-129199F12C8C}.Debug|Any CPU.Build.0 = Debug|Any CPU
		{238079A4-56DC-A933-D428-129199F12C8C}.Release|Any CPU.ActiveCfg = Release|Any CPU
		{238079A4-56DC-A933-D428-129199F12C8C}.Release|Any CPU.Build.0 = Release|Any CPU
	EndGlobalSection
	GlobalSection(SolutionProperties) = preSolution
		HideSolutionNode = FALSE
	EndGlobalSection
	GlobalSection(ExtensibilityGlobals) = postSolution
		SolutionGuid = {519C641D-945E-4583-8865-EFBE0CD48589}
	EndGlobalSection
EndGlobal
